
Microsoft Visual Studio Solution File, Format Version 12.00
# Visual Studio 15
VisualStudioVersion = 15.0.28010.2041
MinimumVisualStudioVersion = 10.0.40219.1
Project("{9A19103F-16F7-4668-BE54-9A1E7A4F7556}") = "ConfigDir", "ConfigDir\ConfigDir.csproj", "{D4BCBD50-1EB8-4434-A67E-EC8C4AE1DC03}"
EndProject
Global
	GlobalSection(SolutionConfigurationPlatforms) = preSolution
		Debug|Any CPU = Debug|Any CPU
		Release|Any CPU = Release|Any CPU
	EndGlobalSection
	GlobalSection(ProjectConfigurationPlatforms) = postSolution
		{D4BCBD50-1EB8-4434-A67E-EC8C4AE1DC03}.Debug|Any CPU.ActiveCfg = Debug|Any CPU
		{D4BCBD50-1EB8-4434-A67E-EC8C4AE1DC03}.Debug|Any CPU.Build.0 = Debug|Any CPU
		{D4BCBD50-1EB8-4434-A67E-EC8C4AE1DC03}.Release|Any CPU.ActiveCfg = Release|Any CPU
		{D4BCBD50-1EB8-4434-A67E-EC8C4AE1DC03}.Release|Any CPU.Build.0 = Release|Any CPU
	EndGlobalSection
	GlobalSection(SolutionProperties) = preSolution
		HideSolutionNode = FALSE
	EndGlobalSection
	GlobalSection(ExtensibilityGlobals) = postSolution
		SolutionGuid = {D2D2CE2E-C247-4E9C-8E49-4BCBFDB22774}
	EndGlobalSection
EndGlobal
